// !$*UTF8*$!
{
	archiveVersion = 1;
	classes = {
	};
	objectVersion = 48;
	objects = {

/* Begin PBXBuildFile section */
		B39B9E5820593F9A0002223F /* hhh.png in Resources */ = {isa = PBXBuildFile; fileRef = B39B9E5720593F9A0002223F /* hhh.png */; };
		B39B9E5A20593FE00002223F /* slide maker.png in Resources */ = {isa = PBXBuildFile; fileRef = B39B9E5920593FE00002223F /* slide maker.png */; };
		B3C4D4602051702700E213E7 /* AppDelegate.m in Sources */ = {isa = PBXBuildFile; fileRef = B3C4D45F2051702700E213E7 /* AppDelegate.m */; };
		B3C4D4632051702700E213E7 /* ViewController.m in Sources */ = {isa = PBXBuildFile; fileRef = B3C4D4622051702700E213E7 /* ViewController.m */; };
		B3C4D4662051702700E213E7 /* Main.storyboard in Resources */ = {isa = PBXBuildFile; fileRef = B3C4D4642051702700E213E7 /* Main.storyboard */; };
		B3C4D4682051702700E213E7 /* Assets.xcassets in Resources */ = {isa = PBXBuildFile; fileRef = B3C4D4672051702700E213E7 /* Assets.xcassets */; };
		B3C4D46B2051702700E213E7 /* LaunchScreen.storyboard in Resources */ = {isa = PBXBuildFile; fileRef = B3C4D4692051702700E213E7 /* LaunchScreen.storyboard */; };
		B3C4D46E2051702700E213E7 /* main.m in Sources */ = {isa = PBXBuildFile; fileRef = B3C4D46D2051702700E213E7 /* main.m */; };
/* End PBXBuildFile section */

/* Begin PBXFileReference section */
		B39B9E5720593F9A0002223F /* hhh.png */ = {isa = PBXFileReference; lastKnownFileType = image.png; path = hhh.png; sourceTree = "<group>"; };
		B39B9E5920593FE00002223F /* slide maker.png */ = {isa = PBXFileReference; lastKnownFileType = image.png; path = "slide maker.png"; sourceTree = "<group>"; };
		B3C4D45B2051702700E213E7 /* Crop.app */ = {isa = PBXFileReference; explicitFileType = wrapper.application; includeInIndex = 0; path = Crop.app; sourceTree = BUILT_PRODUCTS_DIR; };
		B3C4D45E2051702700E213E7 /* AppDelegate.h */ = {isa = PBXFileReference; lastKnownFileType = sourcecode.c.h; path = AppDelegate.h; sourceTree = "<group>"; };
		B3C4D45F2051702700E213E7 /* AppDelegate.m */ = {isa = PBXFileReference; lastKnownFileType = sourcecode.c.objc; path = AppDelegate.m; sourceTree = "<group>"; };
		B3C4D4612051702700E213E7 /* ViewController.h */ = {isa = PBXFileReference; lastKnownFileType = sourcecode.c.h; path = ViewController.h; sourceTree = "<group>"; };
		B3C4D4622051702700E213E7 /* ViewController.m */ = {isa = PBXFileReference; lastKnownFileType = sourcecode.c.objc; path = ViewController.m; sourceTree = "<group>"; };
		B3C4D4652051702700E213E7 /* Base */ = {isa = PBXFileReference; lastKnownFileType = file.storyboard; name = Base; path = Base.lproj/Main.storyboard; sourceTree = "<group>"; };
		B3C4D4672051702700E213E7 /* Assets.xcassets */ = {isa = PBXFileReference; lastKnownFileType = folder.assetcatalog; path = Assets.xcassets; sourceTree = "<group>"; };
		B3C4D46A2051702700E213E7 /* Base */ = {isa = PBXFileReference; lastKnownFileType = file.storyboard; name = Base; path = Base.lproj/LaunchScreen.storyboard; sourceTree = "<group>"; };
		B3C4D46C2051702700E213E7 /* Info.plist */ = {isa = PBXFileReference; lastKnownFileType = text.plist.xml; path = Info.plist; sourceTree = "<group>"; };
		B3C4D46D2051702700E213E7 /* main.m */ = {isa = PBXFileReference; lastKnownFileType = sourcecode.c.objc; path = main.m; sourceTree = "<group>"; };
/* End PBXFileReference section */

/* Begin PBXFrameworksBuildPhase section */
		B3C4D4582051702700E213E7 /* Frameworks */ = {
			isa = PBXFrameworksBuildPhase;
			buildActionMask = 2147483647;
			files = (
			);
			runOnlyForDeploymentPostprocessing = 0;
		};
/* End PBXFrameworksBuildPhase section */

/* Begin PBXGroup section */
		B3C4D4522051702700E213E7 = {
			isa = PBXGroup;
			children = (
				B3C4D45D2051702700E213E7 /* Crop */,
				B3C4D45C2051702700E213E7 /* Products */,
			);
			sourceTree = "<group>";
		};
		B3C4D45C2051702700E213E7 /* Products */ = {
			isa = PBXGroup;
			children = (
				B3C4D45B2051702700E213E7 /* Crop.app */,
			);
			name = Products;
			sourceTree = "<group>";
		};
		B3C4D45D2051702700E213E7 /* Crop */ = {
			isa = PBXGroup;
			children = (
				B3C4D45E2051702700E213E7 /* AppDelegate.h */,
				B3C4D45F2051702700E213E7 /* AppDelegate.m */,
				B3C4D4612051702700E213E7 /* ViewController.h */,
				B3C4D4622051702700E213E7 /* ViewController.m */,
				B39B9E5720593F9A0002223F /* hhh.png */,
				B39B9E5920593FE00002223F /* slide maker.png */,
				B3C4D4642051702700E213E7 /* Main.storyboard */,
				B3C4D4672051702700E213E7 /* Assets.xcassets */,
				B3C4D4692051702700E213E7 /* LaunchScreen.storyboard */,
				B3C4D46C2051702700E213E7 /* Info.plist */,
				B3C4D46D2051702700E213E7 /* main.m */,
			);
			path = Crop;
			sourceTree = "<group>";
		};
/* End PBXGroup section */

/* Begin PBXNativeTarget section */
		B3C4D45A2051702700E213E7 /* Crop */ = {
			isa = PBXNativeTarget;
			buildConfigurationList = B3C4D4712051702700E213E7 /* Build configuration list for PBXNativeTarget "Crop" */;
			buildPhases = (
				B3C4D4572051702700E213E7 /* Sources */,
				B3C4D4582051702700E213E7 /* Frameworks */,
				B3C4D4592051702700E213E7 /* Resources */,
			);
			buildRules = (
			);
			dependencies = (
			);
			name = Crop;
			productName = Crop;
			productReference = B3C4D45B2051702700E213E7 /* Crop.app */;
			productType = "com.apple.product-type.application";
		};
/* End PBXNativeTarget section */

/* Begin PBXProject section */
		B3C4D4532051702700E213E7 /* Project object */ = {
			isa = PBXProject;
			attributes = {
				LastUpgradeCheck = 0920;
				ORGANIZATIONNAME = iApp;
				TargetAttributes = {
					B3C4D45A2051702700E213E7 = {
						CreatedOnToolsVersion = 9.2;
						ProvisioningStyle = Automatic;
					};
				};
			};
			buildConfigurationList = B3C4D4562051702700E213E7 /* Build configuration list for PBXProject "Crop" */;
			compatibilityVersion = "Xcode 8.0";
			developmentRegion = en;
			hasScannedForEncodings = 0;
			knownRegions = (
				en,
				Base,
			);
			mainGroup = B3C4D4522051702700E213E7;
			productRefGroup = B3C4D45C2051702700E213E7 /* Products */;
			projectDirPath = "";
			projectRoot = "";
			targets = (
				B3C4D45A2051702700E213E7 /* Crop */,
			);
		};
/* End PBXProject section */

/* Begin PBXResourcesBuildPhase section */
		B3C4D4592051702700E213E7 /* Resources */ = {
			isa = PBXResourcesBuildPhase;
			buildActionMask = 2147483647;
			files = (
				B3C4D46B2051702700E213E7 /* LaunchScreen.storyboard in Resources */,
				B3C4D4682051702700E213E7 /* Assets.xcassets in Resources */,
				B39B9E5820593F9A0002223F /* hhh.png in Resources */,
				B3C4D4662051702700E213E7 /* Main.storyboard in Resources */,
				B39B9E5A20593FE00002223F /* slide maker.png in Resources */,
			);
			runOnlyForDeploymentPostprocessing = 0;
		};
/* End PBXResourcesBuildPhase section */

/* Begin PBXSourcesBuildPhase section */
		B3C4D4572051702700E213E7 /* Sources */ = {
			isa = PBXSourcesBuildPhase;
			buildActionMask = 2147483647;
			files = (
				B3C4D4632051702700E213E7 /* ViewController.m in Sources */,
				B3C4D46E2051702700E213E7 /* main.m in Sources */,
				B3C4D4602051702700E213E7 /* AppDelegate.m in Sources */,
			);
			runOnlyForDeploymentPostprocessing = 0;
		};
/* End PBXSourcesBuildPhase section */

/* Begin PBXVariantGroup section */
		B3C4D4642051702700E213E7 /* Main.storyboard */ = {
			isa = PBXVariantGroup;
			children = (
				B3C4D4652051702700E213E7 /* Base */,
			);
			name = Main.storyboard;
			sourceTree = "<group>";
		};
		B3C4D4692051702700E213E7 /* LaunchScreen.storyboard */ = {
			isa = PBXVariantGroup;
			children = (
				B3C4D46A2051702700E213E7 /* Base */,
			);
			name = LaunchScreen.storyboard;
			sourceTree = "<group>";
		};
/* End PBXVariantGroup section */

/* Begin XCBuildConfiguration section */
		B3C4D46F2051702700E213E7 /* Debug */ = {
			isa = XCBuildConfiguration;
			buildSettings = {
				ALWAYS_SEARCH_USER_PATHS = NO;
				CLANG_ANALYZER_NONNULL = YES;
				CLANG_ANALYZER_NUMBER_OBJECT_CONVERSION = YES_AGGRESSIVE;
				CLANG_CXX_LANGUAGE_STANDARD = "gnu++14";
				CLANG_CXX_LIBRARY = "libc++";
				CLANG_ENABLE_MODULES = YES;
				CLANG_ENABLE_OBJC_ARC = YES;
				CLANG_WARN_BLOCK_CAPTURE_AUTORELEASING = YES;
				CLANG_WARN_BOOL_CONVERSION = YES;
				CLANG_WARN_COMMA = YES;
				CLANG_WARN_CONSTANT_CONVERSION = YES;
				CLANG_WARN_DIRECT_OBJC_ISA_USAGE = YES_ERROR;
				CLANG_WARN_DOCUMENTATION_COMMENTS = YES;
				CLANG_WARN_EMPTY_BODY = YES;
				CLANG_WARN_ENUM_CONVERSION = YES;
				CLANG_WARN_INFINITE_RECURSION = YES;
				CLANG_WARN_INT_CONVERSION = YES;
				CLANG_WARN_NON_LITERAL_NULL_CONVERSION = YES;
				CLANG_WARN_OBJC_LITERAL_CONVERSION = YES;
				CLANG_WARN_OBJC_ROOT_CLASS = YES_ERROR;
				CLANG_WARN_RANGE_LOOP_ANALYSIS = YES;
				CLANG_WARN_STRICT_PROTOTYPES = YES;
				CLANG_WARN_SUSPICIOUS_MOVE = YES;
				CLANG_WARN_UNGUARDED_AVAILABILITY = YES_AGGRESSIVE;
				CLANG_WARN_UNREACHABLE_CODE = YES;
				CLANG_WARN__DUPLICATE_METHOD_MATCH = YES;
				CODE_SIGN_IDENTITY = "iPhone Developer";
				COPY_PHASE_STRIP = NO;
				DEBUG_INFORMATION_FORMAT = dwarf;
				ENABLE_STRICT_OBJC_MSGSEND = YES;
				ENABLE_TESTABILITY = YES;
				GCC_C_LANGUAGE_STANDARD = gnu11;
				GCC_DYNAMIC_NO_PIC = NO;
				GCC_NO_COMMON_BLOCKS = YES;
				GCC_OPTIMIZATION_LEVEL = 0;
				GCC_PREPROCESSOR_DEFINITIONS = (
					"DEBUG=1",
					"$(inherited)",
				);
				GCC_WARN_64_TO_32_BIT_CONVERSION = YES;
				GCC_WARN_ABOUT_RETURN_TYPE = YES_ERROR;
				GCC_WARN_UNDECLARED_SELECTOR = YES;
				GCC_WARN_UNINITIALIZED_AUTOS = YES_AGGRESSIVE;
				GCC_WARN_UNUSED_FUNCTION = YES;
				GCC_WARN_UNUSED_VARIABLE = YES;
				IPHONEOS_DEPLOYMENT_TARGET = 11.2;
				MTL_ENABLE_DEBUG_INFO = YES;
				ONLY_ACTIVE_ARCH = YES;
				SDKROOT = iphoneos;
			};
			name = Debug;
		};
		B3C4D4702051702700E213E7 /* Release */ = {
			isa = XCBuildConfiguration;
			buildSettings = {
				ALWAYS_SEARCH_USER_PATHS = NO;
				CLANG_ANALYZER_NONNULL = YES;
				CLANG_ANALYZER_NUMBER_OBJECT_CONVERSION = YES_AGGRESSIVE;
				CLANG_CXX_LANGUAGE_STANDARD = "gnu++14";
				CLANG_CXX_LIBRARY = "libc++";
				CLANG_ENABLE_MODULES = YES;
				CLANG_ENABLE_OBJC_ARC = YES;
				CLANG_WARN_BLOCK_CAPTURE_AUTORELEASING = YES;
				CLANG_WARN_BOOL_CONVERSION = YES;
				CLANG_WARN_COMMA = YES;
				CLANG_WARN_CONSTANT_CONVERSION = YES;
				CLANG_WARN_DIRECT_OBJC_ISA_USAGE = YES_ERROR;
				CLANG_WARN_DOCUMENTATION_COMMENTS = YES;
				CLANG_WARN_EMPTY_BODY = YES;
				CLANG_WARN_ENUM_CONVERSION = YES;
				CLANG_WARN_INFINITE_RECURSION = YES;
				CLANG_WARN_INT_CONVERSION = YES;
				CLANG_WARN_NON_LITERAL_NULL_CONVERSION = YES;
				CLANG_WARN_OBJC_LITERAL_CONVERSION = YES;
				CLANG_WARN_OBJC_ROOT_CLASS = YES_ERROR;
				CLANG_WARN_RANGE_LOOP_ANALYSIS = YES;
				CLANG_WARN_STRICT_PROTOTYPES = YES;
				CLANG_WARN_SUSPICIOUS_MOVE = YES;
				CLANG_WARN_UNGUARDED_AVAILABILITY = YES_AGGRESSIVE;
				CLANG_WARN_UNREACHABLE_CODE = YES;
				CLANG_WARN__DUPLICATE_METHOD_MATCH = YES;
				CODE_SIGN_IDENTITY = "iPhone Developer";
				COPY_PHASE_STRIP = NO;
				DEBUG_INFORMATION_FORMAT = "dwarf-with-dsym";
				ENABLE_NS_ASSERTIONS = NO;
				ENABLE_STRICT_OBJC_MSGSEND = YES;
				GCC_C_LANGUAGE_STANDARD = gnu11;
				GCC_NO_COMMON_BLOCKS = YES;
				GCC_WARN_64_TO_32_BIT_CONVERSION = YES;
				GCC_WARN_ABOUT_RETURN_TYPE = YES_ERROR;
				GCC_WARN_UNDECLARED_SELECTOR = YES;
				GCC_WARN_UNINITIALIZED_AUTOS = YES_AGGRESSIVE;
				GCC_WARN_UNUSED_FUNCTION = YES;
				GCC_WARN_UNUSED_VARIABLE = YES;
				IPHONEOS_DEPLOYMENT_TARGET = 11.2;
				MTL_ENABLE_DEBUG_INFO = NO;
				SDKROOT = iphoneos;
				VALIDATE_PRODUCT = YES;
			};
			name = Release;
		};
		B3C4D4722051702700E213E7 /* Debug */ = {
			isa = XCBuildConfiguration;
			buildSettings = {
				ASSETCATALOG_COMPILER_APPICON_NAME = AppIcon;
				CODE_SIGN_STYLE = Automatic;
				INFOPLIST_FILE = Crop/Info.plist;
				LD_RUNPATH_SEARCH_PATHS = "$(inherited) @executable_path/Frameworks";
				PRODUCT_BUNDLE_IDENTIFIER = com.crop.Crop;
				PRODUCT_NAME = "$(TARGET_NAME)";
				TARGETED_DEVICE_FAMILY = "1,2";
			};
			name = Debug;
		};
		B3C4D4732051702700E213E7 /* Release */ = {
			isa = XCBuildConfiguration;
			buildSettings = {
				ASSETCATALOG_COMPILER_APPICON_NAME = AppIcon;
				CODE_SIGN_STYLE = Automatic;
				INFOPLIST_FILE = Crop/Info.plist;
				LD_RUNPATH_SEARCH_PATHS = "$(inherited) @executable_path/Frameworks";
				PRODUCT_BUNDLE_IDENTIFIER = com.crop.Crop;
				PRODUCT_NAME = "$(TARGET_NAME)";
				TARGETED_DEVICE_FAMILY = "1,2";
			};
			name = Release;
		};
/* End XCBuildConfiguration section */

/* Begin XCConfigurationList section */
		B3C4D4562051702700E213E7 /* Build configuration list for PBXProject "Crop" */ = {
			isa = XCConfigurationList;
			buildConfigurations = (
				B3C4D46F2051702700E213E7 /* Debug */,
				B3C4D4702051702700E213E7 /* Release */,
			);
			defaultConfigurationIsVisible = 0;
			defaultConfigurationName = Release;
		};
		B3C4D4712051702700E213E7 /* Build configuration list for PBXNativeTarget "Crop" */ = {
			isa = XCConfigurationList;
			buildConfigurations = (
				B3C4D4722051702700E213E7 /* Debug */,
				B3C4D4732051702700E213E7 /* Release */,
			);
			defaultConfigurationIsVisible = 0;
			defaultConfigurationName = Release;
		};
/* End XCConfigurationList section */
	};
	rootObject = B3C4D4532051702700E213E7 /* Project object */;
}
